
Microsoft Visual Studio Solution File, Format Version 12.00
# Visual Studio 2012
Project("{8BC9CEB8-8B4A-11D0-8D11-00A0C91BC942}") = "Wat Do", "Wat Do.vcxproj", "{A45A0F3D-3C89-4920-912F-B90F876E5480}"
EndProject
Global
	GlobalSection(SolutionConfigurationPlatforms) = preSolution
		Debug|Win32 = Debug|Win32
		Release|Win32 = Release|Win32
	EndGlobalSection
	GlobalSection(ProjectConfigurationPlatforms) = postSolution
		{A45A0F3D-3C89-4920-912F-B90F876E5480}.Debug|Win32.ActiveCfg = Debug|Win32
		{A45A0F3D-3C89-4920-912F-B90F876E5480}.Debug|Win32.Build.0 = Debug|Win32
		{A45A0F3D-3C89-4920-912F-B90F876E5480}.Release|Win32.ActiveCfg = Release|Win32
		{A45A0F3D-3C89-4920-912F-B90F876E5480}.Release|Win32.Build.0 = Release|Win32
	EndGlobalSection
	GlobalSection(SolutionProperties) = preSolution
		HideSolutionNode = FALSE
	EndGlobalSection
EndGlobal
